
Microsoft Visual Studio Solution File, Format Version 12.00
# Visual Studio Version 16
VisualStudioVersion = 16.0.29613.14
MinimumVisualStudioVersion = 10.0.40219.1
Project("{FAE04EC0-301F-11D3-BF4B-00C04F79EFBC}") = "webapp-beep", "webapp-beep\webapp-beep.csproj", "{F0DA5537-D44B-41BB-9672-8BDEDA5634F2}"
EndProject
Global
	GlobalSection(SolutionConfigurationPlatforms) = preSolution
		Debug|Any CPU = Debug|Any CPU
		Release|Any CPU = Release|Any CPU
	EndGlobalSection
	GlobalSection(ProjectConfigurationPlatforms) = postSolution
		{F0DA5537-D44B-41BB-9672-8BDEDA5634F2}.Debug|Any CPU.ActiveCfg = Debug|Any CPU
		{F0DA5537-D44B-41BB-9672-8BDEDA5634F2}.Debug|Any CPU.Build.0 = Debug|Any CPU
		{F0DA5537-D44B-41BB-9672-8BDEDA5634F2}.Release|Any CPU.ActiveCfg = Release|Any CPU
		{F0DA5537-D44B-41BB-9672-8BDEDA5634F2}.Release|Any CPU.Build.0 = Release|Any CPU
	EndGlobalSection
	GlobalSection(SolutionProperties) = preSolution
		HideSolutionNode = FALSE
	EndGlobalSection
	GlobalSection(ExtensibilityGlobals) = postSolution
		SolutionGuid = {D29D78B3-1B1A-48C6-8634-80218C6BD899}
	EndGlobalSection
EndGlobal
